{
  "version": "2",
  "remote": {
    "https://cdn.jsdelivr.net/gh/dakatk/tarpit-deno/lib/decorators/endpoint-params.ts": "94f5e9f73e735181e21a5542f5a0ef7e018fae6be2f3384468ca0911181b3c21",
    "https://cdn.jsdelivr.net/gh/dakatk/tarpit-deno/lib/decorators/from-config.ts": "1148f6b0c8a8e8072c9c17e8c744ee41cd59441df9e4e3ee3b87cc23ef5fef2b",
    "https://cdn.jsdelivr.net/gh/dakatk/tarpit-deno/lib/decorators/injectable.ts": "918d8bce7b1302acb399a531c80273b9c0b6430f5bd0a730bb7e64e6d03a1af4",
    "https://cdn.jsdelivr.net/gh/dakatk/tarpit-deno/lib/decorators/mod.ts": "4ed6b50be5a369fd3ce2c14388b875c3ecfb04c2eeaec67f576fe4b0e955adb3",
    "https://cdn.jsdelivr.net/gh/dakatk/tarpit-deno/lib/decorators/request-body.ts": "ecd1f2938a02830a6679f38ea002f2ead823535522656c276a9afe04ace7cfd3",
    "https://cdn.jsdelivr.net/gh/dakatk/tarpit-deno/lib/decorators/request-mapping.ts": "9d42e80d07af82c45b48ce5ea2e3da6b1542ce672dde91ceea25aa3bcc9d8b7b",
    "https://cdn.jsdelivr.net/gh/dakatk/tarpit-deno/lib/factory/dependency-factory.ts": "c6e16d10b637bc00b25cd117da99d7b2e0551bbb31985f8fbb3eff1b73769203",
    "https://cdn.jsdelivr.net/gh/dakatk/tarpit-deno/lib/factory/endpoints-factory.ts": "35a85c87f8a29abb6cda95aa6b18e0a4b70c66ac10da538f31c07855b5309c4e",
    "https://cdn.jsdelivr.net/gh/dakatk/tarpit-deno/lib/main/config.ts": "badb4a7d21e81ac52e2b0a33c00562a673e8f7e3589422a11507568f7b1b147c",
    "https://cdn.jsdelivr.net/gh/dakatk/tarpit-deno/lib/main/controller.ts": "d2297268c9fadbf8e44e15c51422586b1542b8a5d3d0884bb59857a75657ffc4",
    "https://cdn.jsdelivr.net/gh/dakatk/tarpit-deno/lib/main/logger.ts": "ae3d3a0dd3331055a06120555e11b2aa4fae7795f4df4eda559adbc6be42ffcd",
    "https://cdn.jsdelivr.net/gh/dakatk/tarpit-deno/lib/main/metadata.ts": "be5122233c063a1374b8e7acb3884563dd3deed8c0935176417e879952871d3c",
    "https://cdn.jsdelivr.net/gh/dakatk/tarpit-deno/lib/main/mod.ts": "ad021e7bd5136882c6e23d0ac78899742685b138cf8001e8585c522a0d7c7343",
    "https://cdn.jsdelivr.net/gh/dakatk/tarpit-deno/lib/main/server.ts": "ff27ff331f010bbeb26f0c10c3cab8a5a21b23486008440f51d78f6d078526fd",
    "https://cdn.jsdelivr.net/gh/dakatk/tarpit-deno/lib/main/tarpit.ts": "b84b160188b948095b54c3d7f011b74298c4a2a8c7e3cf741b098e3813245d47",
    "https://cdn.jsdelivr.net/gh/dakatk/tarpit-deno/lib/request/mod.ts": "7ae435f30fc27eae7b72c0c5e2baa389f911695bd28c6eab239dc18bc40c5773",
    "https://cdn.jsdelivr.net/gh/dakatk/tarpit-deno/lib/request/parse-request.ts": "30712686df64f6eb3cf38a5e69391591fc1a7c45dd6b8fa6b5e2455b5a3d4e67",
    "https://cdn.jsdelivr.net/gh/dakatk/tarpit-deno/lib/request/request-payload.ts": "b80eb08d3b4cde36337080852e2729b74ba056ecdb1278b0155359db60cee3eb",
    "https://cdn.jsdelivr.net/gh/dakatk/tarpit-deno/lib/request/route-params.ts": "b1b9e2a8d250b612ba9bc8211d4a77d62ecc37a4ce71526ce6999b6b3a8908ce",
    "https://cdn.jsdelivr.net/gh/dakatk/tarpit-deno/lib/request/serve-request.ts": "86d96b9d3254c2e9b0d99e376f0615f5fe32eb262167a6f6155087fb8a6d3026",
    "https://cdn.jsdelivr.net/gh/dakatk/tarpit-deno/lib/response/content-type.ts": "2ef2e7d146f7385132958b16777a5a3426de8a47a1d6e5c7e6c18aa87528a9be",
    "https://cdn.jsdelivr.net/gh/dakatk/tarpit-deno/lib/response/mod.ts": "33790ff529560718a46c68398d067104b9b9fa9b040e7250cf26e152260045b2",
    "https://cdn.jsdelivr.net/gh/dakatk/tarpit-deno/lib/response/response-error.ts": "cfe233315852bf0816795cdfe0af2ee1aeaa06f99b019d2903729bae8ac099f2",
    "https://cdn.jsdelivr.net/gh/dakatk/tarpit-deno/lib/response/response-types.ts": "0949be70c2c607dee1d9c632d10e16a58e9d9e489d065a0c18202a041f26e89b",
    "https://cdn.jsdelivr.net/gh/dakatk/tarpit-deno/lib/validation/mod.ts": "b53ac1605e74b61e5e4346b97e9c1fec3ff43d5fd374ae274442cf88da5e446a",
    "https://cdn.jsdelivr.net/gh/dakatk/tarpit-deno/lib/validation/validation-error.ts": "1c9dce0306f546a4751c0ec71ad8edbc04baf8d5a73c1cc25549a7be3a313d60",
    "https://cdn.jsdelivr.net/gh/dakatk/tarpit-deno/lib/validation/validator.ts": "252c8b913ae6d05238a4d73e7adc28254727325af526b844a4920ae9cc46f6cc",
    "https://cdn.jsdelivr.net/gh/dakatk/tarpit-deno/mod.ts": "e3f13008041818d981c158f287a66ee61259c65bb146cc9cc2146b05b5f17434",
    "https://deno.land/std@0.124.0/_util/assert.ts": "6396c1bd0361c4939e7f32f9b03efffcd04b640a1b206ed67058553d6cb59cc4",
    "https://deno.land/std@0.124.0/_util/os.ts": "49b92edea1e82ba295ec946de8ffd956ed123e2948d9bd1d3e901b04e4307617",
    "https://deno.land/std@0.124.0/path/_constants.ts": "df1db3ffa6dd6d1252cc9617e5d72165cd2483df90e93833e13580687b6083c3",
    "https://deno.land/std@0.124.0/path/_interface.ts": "ee3b431a336b80cf445441109d089b70d87d5e248f4f90ff906820889ecf8d09",
    "https://deno.land/std@0.124.0/path/_util.ts": "c1e9686d0164e29f7d880b2158971d805b6e0efc3110d0b3e24e4b8af2190d2b",
    "https://deno.land/std@0.124.0/path/common.ts": "bee563630abd2d97f99d83c96c2fa0cca7cee103e8cb4e7699ec4d5db7bd2633",
    "https://deno.land/std@0.124.0/path/glob.ts": "cb5255638de1048973c3e69e420c77dc04f75755524cb3b2e160fe9277d939ee",
    "https://deno.land/std@0.124.0/path/mod.ts": "4275129bb766f0e475ecc5246aa35689eeade419d72a48355203f31802640be7",
    "https://deno.land/std@0.124.0/path/posix.ts": "663e4a6fe30a145f56aa41a22d95114c4c5582d8b57d2d7c9ed27ad2c47636bb",
    "https://deno.land/std@0.124.0/path/separator.ts": "fe1816cb765a8068afb3e8f13ad272351c85cbc739af56dacfc7d93d710fe0f9",
    "https://deno.land/std@0.124.0/path/win32.ts": "e7bdf63e8d9982b4d8a01ef5689425c93310ece950e517476e22af10f41a136e",
    "https://deno.land/std@0.125.0/_util/assert.ts": "6396c1bd0361c4939e7f32f9b03efffcd04b640a1b206ed67058553d6cb59cc4",
    "https://deno.land/std@0.125.0/flags/mod.ts": "fb2703f9e412da6b24ddf29da3fd1fd6ca9f2501303ec58c2536d48f1e492b21",
    "https://deno.land/x/ink@1.3/htmlToAnsi.ts": "e261ae5f71f202e3f685f07b5dd64c48d3d06196fe055d803c8b6b878c3a96ed",
    "https://deno.land/x/ink@1.3/imageToAnsi.ts": "f68e961380d301aa69a16fac647d13f7925062af69a15f595af13025bf6b8d86",
    "https://deno.land/x/ink@1.3/mod.ts": "0f4896daf3ea816f3f70a63aca91a856d7ddb517f8d75b28e2c69584445c0f3f",
    "https://deno.land/x/ink@1.3/models/BackgroundColorStyle.ts": "9b454790718fb9d07d2b3e2dc9147a203c41d6986427a285a0e8cdc239cd2b8b",
    "https://deno.land/x/ink@1.3/models/ColorStyle.ts": "630d9a22b4c43cf01d230b18aa1ca0ba4a7ec0825edcb86d78a303641a0d0666",
    "https://deno.land/x/ink@1.3/models/FontStyle.ts": "f4975422a06751e7c38561cf02c15ecc0cf6f9101f3eec5f85f6bb564d6896ce",
    "https://deno.land/x/ink@1.3/models/StyleBase.ts": "eab8ac11e1706cfc4a69d28a3d0b8fef5b6fb8f435d346d2af5c0a6a00d43ddf",
    "https://deno.land/x/ink@1.3/tsdom/styleparser.ts": "18d3f30a47fdad5c253d6ad12ca9a044f596a48418efbbce513c4b44568ff0f6",
    "https://deno.land/x/ink@1.3/tsdom/tsdom.ts": "e09fe2fa550f2e341cd47042344fb042269b154fea27185194040b75d2cea02f",
    "https://deno.land/x/ink@1.3/utils.ts": "38814b9f85c33d13665964796b9fd80238dd1fc75d9770016fad1a473128c480",
    "https://deno.land/x/jpegts@1.1/lib/decoder.ts": "b8823ee917fc99a1e085c353b2cd4ca1fbaacaaf1f80be94175e42487666c822",
    "https://deno.land/x/jpegts@1.1/lib/encoder.ts": "d75fc5ae88f77e1fa349af08d7a46937add31a03b6d3605ff4d2e3303eb32b3b",
    "https://deno.land/x/jpegts@1.1/lib/image.ts": "32255e99b6c1bf4e72e13367516a0d878ba9d195d81fac1f145ce4c11e951962",
    "https://deno.land/x/jpegts@1.1/lib/pixel.ts": "19f7f28f09514157be87d01d1d12915cc17c787d8c1707899d2f5570ac6a12fe",
    "https://deno.land/x/jpegts@1.1/mod.ts": "2014257f7269bcc822a4d6eb871e5002b347f13a641c12d45c1a61586374f127",
    "https://deno.land/x/reflection@0.0.2/mod.ts": "a4b5ea68fbcb21f23a2ce35874d9880fa2d779e4b5f5ca4b0bdc7fea3bb80976",
    "https://deno.land/x/value_schema@v3.1.0/dist-deno/appliers/array/each.ts": "c348278760dc4301215abc58cf205a7657d5a639f19bad6efa67b32d9abb9110",
    "https://deno.land/x/value_schema@v3.1.0/dist-deno/appliers/array/maxLength.ts": "586b97a7b58650c3f87af853f92e854cfa0dd0da9734423caa2ebfb432b00e47",
    "https://deno.land/x/value_schema@v3.1.0/dist-deno/appliers/array/minLength.ts": "5249ca1a8376f6693f9f010bb012c6f0b66a7d2c02e78bf1b6e62d3e86eabab1",
    "https://deno.land/x/value_schema@v3.1.0/dist-deno/appliers/array/type.ts": "21a0d80cd1036798d082d95bec9e65d163fc8d68db9a53d3a71c86085b575306",
    "https://deno.land/x/value_schema@v3.1.0/dist-deno/appliers/boolean/type.ts": "cb92b1b4b4b6d5a72a65e583b723303a6bf0451c6dd153b1a63018a1ac35ddd8",
    "https://deno.land/x/value_schema@v3.1.0/dist-deno/appliers/converter.ts": "3ce277e913a3d8394791091441071212413f71229acd9f9f76edc46748a06233",
    "https://deno.land/x/value_schema@v3.1.0/dist-deno/appliers/email/maxLength.ts": "0377236c26df8abb4a62b9afe1842c688de84404b6261f8a9104de7b3365c598",
    "https://deno.land/x/value_schema@v3.1.0/dist-deno/appliers/email/pattern.ts": "d28a8a558e09938418345148e91aa4e9cc9cbefcf6ca70d4f7649d56d2d036ec",
    "https://deno.land/x/value_schema@v3.1.0/dist-deno/appliers/ifEmptyString.ts": "3605f37f805c57936b7c0a67300d0ebbbcfde4d0340ecc25aabef1d3ed71445c",
    "https://deno.land/x/value_schema@v3.1.0/dist-deno/appliers/ifNull.ts": "efc6a86431b792bb3717c8cede74c73696bb9ad7ff5f153e7a2316f0ea7a26da",
    "https://deno.land/x/value_schema@v3.1.0/dist-deno/appliers/ifUndefined.ts": "cf1f339ce7d4d98884f341057328fe7d786c46c5d4061b997dd8d74c770ea0a0",
    "https://deno.land/x/value_schema@v3.1.0/dist-deno/appliers/number/acceptsFullWidth.ts": "0eec97359de682d03dd8e3dbfedda878c5bb059bb951c535c55a2d4a650edaaf",
    "https://deno.land/x/value_schema@v3.1.0/dist-deno/appliers/number/maxValue.ts": "3d62db58b11a67483d4a31b0988345374bcffac36e33c22e0e5c81fbcb7f7905",
    "https://deno.land/x/value_schema@v3.1.0/dist-deno/appliers/number/minValue.ts": "6198aab3933df2fd88512c5bd4d64e9e923c1d1305d9b34e4e3539d3ca03e8ff",
    "https://deno.land/x/value_schema@v3.1.0/dist-deno/appliers/number/type.ts": "f76cdd42a3c4eaf661e4d15b516255a0bbc7f68e18c9ec37eedb8b2023741d30",
    "https://deno.land/x/value_schema@v3.1.0/dist-deno/appliers/numericString/checksum.ts": "85847ef04b448504782ac59e70c5b02ed13d8b17c9809b9d2f9ed26804f41543",
    "https://deno.land/x/value_schema@v3.1.0/dist-deno/appliers/numericString/fullWidthToHalf.ts": "230d521ce8aee38a7333742b0c5c64ca8d6dddba471a65347921bce10a4646e1",
    "https://deno.land/x/value_schema@v3.1.0/dist-deno/appliers/numericString/joinsArray.ts": "dc3d156517e08ec014772500060ea4fb5e7f946668a25aaf47ac502f254df4a0",
    "https://deno.land/x/value_schema@v3.1.0/dist-deno/appliers/numericString/pattern.ts": "2325abe3abf108622e235830763351feef74075401bdf5c92992e878158780d2",
    "https://deno.land/x/value_schema@v3.1.0/dist-deno/appliers/numericString/separatedBy.ts": "706c4c557984e38cfd3b378075e24ee41aee8f41f572b5f0f0106ef396d9c319",
    "https://deno.land/x/value_schema@v3.1.0/dist-deno/appliers/object/schema.ts": "5034ef187fce3bcd1b5a7c94dc58e9d2dc08b540ab15f027224d583b8376ef3e",
    "https://deno.land/x/value_schema@v3.1.0/dist-deno/appliers/object/type.ts": "a16d092bac9079f7e1990bd8f3a8b8fb8ea79a3157100a4580e1207adbc7aed9",
    "https://deno.land/x/value_schema@v3.1.0/dist-deno/appliers/only.ts": "1e236c4e173f81b7c630e62270ebb0524e0ca823e3e3cda6048c48b0c46d0875",
    "https://deno.land/x/value_schema@v3.1.0/dist-deno/appliers/string/maxLength.ts": "558e1d2345a7c729fb91cc7368e8b6f8382f26fdcc252b500ab8839dab8dd95b",
    "https://deno.land/x/value_schema@v3.1.0/dist-deno/appliers/string/minLength.ts": "dd2fc97089f9c8e8d5158ec48c51d717e745b1d3a4d68368bf93a15c0465c1ec",
    "https://deno.land/x/value_schema@v3.1.0/dist-deno/appliers/string/pattern.ts": "0198b4390c0a6c8e0423bdde1d27eb53f80e8f251b646b8d2fdeee74c4237807",
    "https://deno.land/x/value_schema@v3.1.0/dist-deno/appliers/string/trims.ts": "e749514bac14501de9c693f080d0b70cfe8c19647fd2ec420c3c917a1b9404b3",
    "https://deno.land/x/value_schema@v3.1.0/dist-deno/appliers/string/type.ts": "bbc7abe05e0784d43c273d5f8c4477f807e15651a77d1d8d141dfea4ce342b10",
    "https://deno.land/x/value_schema@v3.1.0/dist-deno/exporter.ts": "d3ab816aa207018f3ab13008df9ed11755e95e18cc503f9d193c8cad0acf00fe",
    "https://deno.land/x/value_schema@v3.1.0/dist-deno/index.ts": "371dc0f1b74a9f3298871937e1ac66ab0921ffb6d4ca8d97d027c2a7dee377d7",
    "https://deno.land/x/value_schema@v3.1.0/dist-deno/libs/ValueSchemaError.ts": "4fee647416b22b68ef0421e52f7f2d92f1889ab4fa3c73d4dbe0bdc1cb7be39b",
    "https://deno.land/x/value_schema@v3.1.0/dist-deno/libs/applySchemaObject.ts": "1b58fa3f4d0d3cba6861c49bf82965e106f88e4419c7ef9dbcc8e6fc6311088e",
    "https://deno.land/x/value_schema@v3.1.0/dist-deno/libs/applySchemaObjectCore.ts": "d3f4293a5b6fd8f61dc1442583befc78ef36a585a6ec07d140a3244ba873c815",
    "https://deno.land/x/value_schema@v3.1.0/dist-deno/libs/publicTypes.ts": "20741686c30749d7eb3a1d32795a57d394edd33851d7c6744d5e363c7d97cee0",
    "https://deno.land/x/value_schema@v3.1.0/dist-deno/libs/regexp/email.ts": "5583e400befa90cb93ec5d84bfbfdf8ad503b8f8b0ac9001127b0ae47f42948d",
    "https://deno.land/x/value_schema@v3.1.0/dist-deno/libs/regexp/ipv4.ts": "2221ebec85d325f2bb3fa770bf8a7059ef8bd37de8394c396a11f6458d096d63",
    "https://deno.land/x/value_schema@v3.1.0/dist-deno/libs/regexp/ipv6.ts": "29e5515fe679c7be613ef0632d967ac41121d0e1bb535a96727b652f676ebb8f",
    "https://deno.land/x/value_schema@v3.1.0/dist-deno/libs/regexp/rfc.ts": "924c2751fef8974e3db489abdb9d89049b5b21b91d5a29ade36f108bcb5e49b2",
    "https://deno.land/x/value_schema@v3.1.0/dist-deno/libs/regexp/uri.ts": "6bc95e20ec6ed996af0eb04856e12a0d6adf46d580da9d149bfba791391f8109",
    "https://deno.land/x/value_schema@v3.1.0/dist-deno/libs/string.ts": "b96c45723b8d0eb45efd73f9e526bdfc1d87044405fd11fc3e0a0c519106d3da",
    "https://deno.land/x/value_schema@v3.1.0/dist-deno/libs/types.ts": "302e11b9802093ed5fbbffe28166a639ccddff67259c93e47c2638364c60a4f3",
    "https://deno.land/x/value_schema@v3.1.0/dist-deno/schemaClasses/ArraySchema.ts": "dc0e018410631d4212c5f2820ef0d2e344092d4c96d75d9f70f8aba75816c087",
    "https://deno.land/x/value_schema@v3.1.0/dist-deno/schemaClasses/BaseSchema.ts": "2399b061a4d9b1ea6f60b541efbc6631c5022f1efa749863b5219aab8ba887ec",
    "https://deno.land/x/value_schema@v3.1.0/dist-deno/schemaClasses/BooleanSchema.ts": "bba208e472dd87c8162a9aec4b641603d33efd4a01feef3629a6cd383b919c73",
    "https://deno.land/x/value_schema@v3.1.0/dist-deno/schemaClasses/EmailSchema.ts": "dd429eb08088f500a4f807d3123f944274c972eca196454880c5e092928d248c",
    "https://deno.land/x/value_schema@v3.1.0/dist-deno/schemaClasses/EnumerationSchema.ts": "52b8693cc22ee41e42976a215b330ff75fd451831cef5623b14d0fa1d8477203",
    "https://deno.land/x/value_schema@v3.1.0/dist-deno/schemaClasses/NumberSchema.ts": "53f392fd5bf45e8bebb88a0150c3c60b99abea96dd564c16371777382b5d04d1",
    "https://deno.land/x/value_schema@v3.1.0/dist-deno/schemaClasses/NumericStringSchema.ts": "373b094106fc63565dff9aa80d9e2ce9682b03522a2f0c7053707a1a8331a5d3",
    "https://deno.land/x/value_schema@v3.1.0/dist-deno/schemaClasses/ObjectSchema.ts": "250efb9d9330b23f9c17199683266e708aba71e69028e94439ced05285cbff6e",
    "https://deno.land/x/value_schema@v3.1.0/dist-deno/schemaClasses/StringSchema.ts": "685d2837b8e424ba72117ad3e9f90fd28b4162a96fd8a4f03b9d845ed4a4d39c",
    "https://deno.land/x/value_schema@v3.1.0/dist-deno/schemas/array.ts": "830a2e5517e3abd594c584efa160d3f514a65a4a3e8e874772805787def27969",
    "https://deno.land/x/value_schema@v3.1.0/dist-deno/schemas/boolean.ts": "9a7470ceecf82e8c29b52c9c97279c8cfaba02a1664a7c2f894e152aa5a6e88e",
    "https://deno.land/x/value_schema@v3.1.0/dist-deno/schemas/email.ts": "fc067ba3653da9d6b4035173d60abab66390e2b2009209aabadcfa60220e6e6b",
    "https://deno.land/x/value_schema@v3.1.0/dist-deno/schemas/enumeration.ts": "ea54b73097fa977575617451f60f4747b2bed5bdb5c1ae70511e7faec9258991",
    "https://deno.land/x/value_schema@v3.1.0/dist-deno/schemas/number.ts": "8d442ffd67093c8845902515b0039af8fa77493ff79de55506fd6fba8b5a746b",
    "https://deno.land/x/value_schema@v3.1.0/dist-deno/schemas/numericString.ts": "9a01688f09f272cd2bf7e36e576826c893adb955fe4a8573618e772be07701bd",
    "https://deno.land/x/value_schema@v3.1.0/dist-deno/schemas/object.ts": "1e1913fe72139ef8a7f95a99fdfae0923b68f317b6b49664e1074cdc86558814",
    "https://deno.land/x/value_schema@v3.1.0/dist-deno/schemas/string.ts": "7c6b4074763c58a3aac449090005573714cbe453a4dcd5b1cc16ac2edc131d50",
    "https://deno.land/x/value_schema@v3.1.0/mod.ts": "31d2272bbceab57960853a914c94f65c12d48e9c2e145702af1705aa797bf156"
  }
}
